
Microsoft Visual Studio Solution File, Format Version 12.00
# Visual Studio Version 17
VisualStudioVersion = 17.14.36616.10 d17.14
MinimumVisualStudioVersion = 10.0.40219.1
Project("{FAE04EC0-301F-11D3-BF4B-00C04F79EFBC}") = "GrapheneTrace_GP", "GrapheneTrace_GP\GrapheneTrace_GP.csproj", "{4A64E41D-EEE3-4814-A53B-4B4F305EDB1A}"
EndProject
Global
	GlobalSection(SolutionConfigurationPlatforms) = preSolution
		Debug|Any CPU = Debug|Any CPU
		Release|Any CPU = Release|Any CPU
	EndGlobalSection
	GlobalSection(ProjectConfigurationPlatforms) = postSolution
		{4A64E41D-EEE3-4814-A53B-4B4F305EDB1A}.Debug|Any CPU.ActiveCfg = Debug|Any CPU
		{4A64E41D-EEE3-4814-A53B-4B4F305EDB1A}.Debug|Any CPU.Build.0 = Debug|Any CPU
		{4A64E41D-EEE3-4814-A53B-4B4F305EDB1A}.Release|Any CPU.ActiveCfg = Release|Any CPU
		{4A64E41D-EEE3-4814-A53B-4B4F305EDB1A}.Release|Any CPU.Build.0 = Release|Any CPU
	EndGlobalSection
	GlobalSection(SolutionProperties) = preSolution
		HideSolutionNode = FALSE
	EndGlobalSection
	GlobalSection(ExtensibilityGlobals) = postSolution
		SolutionGuid = {1D4C5D70-B57B-4D95-887D-80B903338C2C}
	EndGlobalSection
EndGlobal
